// !$*UTF8*$!
{
	archiveVersion = 1;
	classes = {
	};
	objectVersion = 46;
	objects = {

/* Begin PBXBuildFile section */
		9A4BD09215E91C74002F85A1 /* UIKit.framework in Frameworks */ = {isa = PBXBuildFile; fileRef = 9A4BD09115E91C74002F85A1 /* UIKit.framework */; };
		9A4BD09415E91C74002F85A1 /* Foundation.framework in Frameworks */ = {isa = PBXBuildFile; fileRef = 9A4BD09315E91C74002F85A1 /* Foundation.framework */; };
		9A4BD09615E91C74002F85A1 /* CoreGraphics.framework in Frameworks */ = {isa = PBXBuildFile; fileRef = 9A4BD09515E91C74002F85A1 /* CoreGraphics.framework */; };
		9A4BD09C15E91C74002F85A1 /* InfoPlist.strings in Resources */ = {isa = PBXBuildFile; fileRef = 9A4BD09A15E91C74002F85A1 /* InfoPlist.strings */; };
		9A4BD09E15E91C74002F85A1 /* main.m in Sources */ = {isa = PBXBuildFile; fileRef = 9A4BD09D15E91C74002F85A1 /* main.m */; };
		9A4BD0A215E91C74002F85A1 /* AppDelegate.m in Sources */ = {isa = PBXBuildFile; fileRef = 9A4BD0A115E91C74002F85A1 /* AppDelegate.m */; };
		9A4BD0A515E91C74002F85A1 /* ViewController.m in Sources */ = {isa = PBXBuildFile; fileRef = 9A4BD0A415E91C74002F85A1 /* ViewController.m */; };
		9A4BD0A815E91C74002F85A1 /* ViewController.xib in Resources */ = {isa = PBXBuildFile; fileRef = 9A4BD0A615E91C74002F85A1 /* ViewController.xib */; };
/* End PBXBuildFile section */

/* Begin PBXFileReference section */
		9A4BD08D15E91C74002F85A1 /* Two Thumbs Down.app */ = {isa = PBXFileReference; explicitFileType = wrapper.application; includeInIndex = 0; path = "Two Thumbs Down.app"; sourceTree = BUILT_PRODUCTS_DIR; };
		9A4BD09115E91C74002F85A1 /* UIKit.framework */ = {isa = PBXFileReference; lastKnownFileType = wrapper.framework; name = UIKit.framework; path = System/Library/Frameworks/UIKit.framework; sourceTree = SDKROOT; };
		9A4BD09315E91C74002F85A1 /* Foundation.framework */ = {isa = PBXFileReference; lastKnownFileType = wrapper.framework; name = Foundation.framework; path = System/Library/Frameworks/Foundation.framework; sourceTree = SDKROOT; };
		9A4BD09515E91C74002F85A1 /* CoreGraphics.framework */ = {isa = PBXFileReference; lastKnownFileType = wrapper.framework; name = CoreGraphics.framework; path = System/Library/Frameworks/CoreGraphics.framework; sourceTree = SDKROOT; };
		9A4BD09915E91C74002F85A1 /* Two Thumbs Down-Info.plist */ = {isa = PBXFileReference; lastKnownFileType = text.plist.xml; path = "Two Thumbs Down-Info.plist"; sourceTree = "<group>"; };
		9A4BD09B15E91C74002F85A1 /* en */ = {isa = PBXFileReference; lastKnownFileType = text.plist.strings; name = en; path = en.lproj/InfoPlist.strings; sourceTree = "<group>"; };
		9A4BD09D15E91C74002F85A1 /* main.m */ = {isa = PBXFileReference; lastKnownFileType = sourcecode.c.objc; path = main.m; sourceTree = "<group>"; };
		9A4BD09F15E91C74002F85A1 /* Two Thumbs Down-Prefix.pch */ = {isa = PBXFileReference; lastKnownFileType = sourcecode.c.h; path = "Two Thumbs Down-Prefix.pch"; sourceTree = "<group>"; };
		9A4BD0A015E91C74002F85A1 /* AppDelegate.h */ = {isa = PBXFileReference; lastKnownFileType = sourcecode.c.h; path = AppDelegate.h; sourceTree = "<group>"; };
		9A4BD0A115E91C74002F85A1 /* AppDelegate.m */ = {isa = PBXFileReference; lastKnownFileType = sourcecode.c.objc; path = AppDelegate.m; sourceTree = "<group>"; };
		9A4BD0A315E91C74002F85A1 /* ViewController.h */ = {isa = PBXFileReference; lastKnownFileType = sourcecode.c.h; path = ViewController.h; sourceTree = "<group>"; };
		9A4BD0A415E91C74002F85A1 /* ViewController.m */ = {isa = PBXFileReference; lastKnownFileType = sourcecode.c.objc; path = ViewController.m; sourceTree = "<group>"; };
		9A4BD0A715E91C74002F85A1 /* en */ = {isa = PBXFileReference; lastKnownFileType = file.xib; name = en; path = en.lproj/ViewController.xib; sourceTree = "<group>"; };
/* End PBXFileReference section */

/* Begin PBXFrameworksBuildPhase section */
		9A4BD08A15E91C74002F85A1 /* Frameworks */ = {
			isa = PBXFrameworksBuildPhase;
			buildActionMask = 2147483647;
			files = (
				9A4BD09215E91C74002F85A1 /* UIKit.framework in Frameworks */,
				9A4BD09415E91C74002F85A1 /* Foundation.framework in Frameworks */,
				9A4BD09615E91C74002F85A1 /* CoreGraphics.framework in Frameworks */,
			);
			runOnlyForDeploymentPostprocessing = 0;
		};
/* End PBXFrameworksBuildPhase section */

/* Begin PBXGroup section */
		9A4BD08215E91C74002F85A1 = {
			isa = PBXGroup;
			children = (
				9A4BD09715E91C74002F85A1 /* Two Thumbs Down */,
				9A4BD09015E91C74002F85A1 /* Frameworks */,
				9A4BD08E15E91C74002F85A1 /* Products */,
			);
			sourceTree = "<group>";
		};
		9A4BD08E15E91C74002F85A1 /* Products */ = {
			isa = PBXGroup;
			children = (
				9A4BD08D15E91C74002F85A1 /* Two Thumbs Down.app */,
			);
			name = Products;
			sourceTree = "<group>";
		};
		9A4BD09015E91C74002F85A1 /* Frameworks */ = {
			isa = PBXGroup;
			children = (
				9A4BD09115E91C74002F85A1 /* UIKit.framework */,
				9A4BD09315E91C74002F85A1 /* Foundation.framework */,
				9A4BD09515E91C74002F85A1 /* CoreGraphics.framework */,
			);
			name = Frameworks;
			sourceTree = "<group>";
		};
		9A4BD09715E91C74002F85A1 /* Two Thumbs Down */ = {
			isa = PBXGroup;
			children = (
				9A4BD0A015E91C74002F85A1 /* AppDelegate.h */,
				9A4BD0A115E91C74002F85A1 /* AppDelegate.m */,
				9A4BD0A315E91C74002F85A1 /* ViewController.h */,
				9A4BD0A415E91C74002F85A1 /* ViewController.m */,
				9A4BD0A615E91C74002F85A1 /* ViewController.xib */,
				9A4BD09815E91C74002F85A1 /* Supporting Files */,
			);
			path = "Two Thumbs Down";
			sourceTree = "<group>";
		};
		9A4BD09815E91C74002F85A1 /* Supporting Files */ = {
			isa = PBXGroup;
			children = (
				9A4BD09915E91C74002F85A1 /* Two Thumbs Down-Info.plist */,
				9A4BD09A15E91C74002F85A1 /* InfoPlist.strings */,
				9A4BD09D15E91C74002F85A1 /* main.m */,
				9A4BD09F15E91C74002F85A1 /* Two Thumbs Down-Prefix.pch */,
			);
			name = "Supporting Files";
			sourceTree = "<group>";
		};
/* End PBXGroup section */

/* Begin PBXNativeTarget section */
		9A4BD08C15E91C74002F85A1 /* Two Thumbs Down */ = {
			isa = PBXNativeTarget;
			buildConfigurationList = 9A4BD0AB15E91C74002F85A1 /* Build configuration list for PBXNativeTarget "Two Thumbs Down" */;
			buildPhases = (
				9A4BD08915E91C74002F85A1 /* Sources */,
				9A4BD08A15E91C74002F85A1 /* Frameworks */,
				9A4BD08B15E91C74002F85A1 /* Resources */,
			);
			buildRules = (
			);
			dependencies = (
			);
			name = "Two Thumbs Down";
			productName = "Two Thumbs Down";
			productReference = 9A4BD08D15E91C74002F85A1 /* Two Thumbs Down.app */;
			productType = "com.apple.product-type.application";
		};
/* End PBXNativeTarget section */

/* Begin PBXProject section */
		9A4BD08415E91C74002F85A1 /* Project object */ = {
			isa = PBXProject;
			attributes = {
				LastUpgradeCheck = 0440;
				ORGANIZATIONNAME = "It's Okay In A Threeway";
			};
			buildConfigurationList = 9A4BD08715E91C74002F85A1 /* Build configuration list for PBXProject "Two Thumbs Down" */;
			compatibilityVersion = "Xcode 3.2";
			developmentRegion = English;
			hasScannedForEncodings = 0;
			knownRegions = (
				en,
			);
			mainGroup = 9A4BD08215E91C74002F85A1;
			productRefGroup = 9A4BD08E15E91C74002F85A1 /* Products */;
			projectDirPath = "";
			projectRoot = "";
			targets = (
				9A4BD08C15E91C74002F85A1 /* Two Thumbs Down */,
			);
		};
/* End PBXProject section */

/* Begin PBXResourcesBuildPhase section */
		9A4BD08B15E91C74002F85A1 /* Resources */ = {
			isa = PBXResourcesBuildPhase;
			buildActionMask = 2147483647;
			files = (
				9A4BD09C15E91C74002F85A1 /* InfoPlist.strings in Resources */,
				9A4BD0A815E91C74002F85A1 /* ViewController.xib in Resources */,
			);
			runOnlyForDeploymentPostprocessing = 0;
		};
/* End PBXResourcesBuildPhase section */

/* Begin PBXSourcesBuildPhase section */
		9A4BD08915E91C74002F85A1 /* Sources */ = {
			isa = PBXSourcesBuildPhase;
			buildActionMask = 2147483647;
			files = (
				9A4BD09E15E91C74002F85A1 /* main.m in Sources */,
				9A4BD0A215E91C74002F85A1 /* AppDelegate.m in Sources */,
				9A4BD0A515E91C74002F85A1 /* ViewController.m in Sources */,
			);
			runOnlyForDeploymentPostprocessing = 0;
		};
/* End PBXSourcesBuildPhase section */

/* Begin PBXVariantGroup section */
		9A4BD09A15E91C74002F85A1 /* InfoPlist.strings */ = {
			isa = PBXVariantGroup;
			children = (
				9A4BD09B15E91C74002F85A1 /* en */,
			);
			name = InfoPlist.strings;
			sourceTree = "<group>";
		};
		9A4BD0A615E91C74002F85A1 /* ViewController.xib */ = {
			isa = PBXVariantGroup;
			children = (
				9A4BD0A715E91C74002F85A1 /* en */,
			);
			name = ViewController.xib;
			sourceTree = "<group>";
		};
/* End PBXVariantGroup section */

/* Begin XCBuildConfiguration section */
		9A4BD0A915E91C74002F85A1 /* Debug */ = {
			isa = XCBuildConfiguration;
			buildSettings = {
				ALWAYS_SEARCH_USER_PATHS = NO;
				ARCHS = "$(ARCHS_STANDARD_32_BIT)";
				CLANG_CXX_LANGUAGE_STANDARD = "gnu++0x";
				CLANG_WARN__DUPLICATE_METHOD_MATCH = YES;
				"CODE_SIGN_IDENTITY[sdk=iphoneos*]" = "iPhone Developer";
				COPY_PHASE_STRIP = NO;
				GCC_C_LANGUAGE_STANDARD = gnu99;
				GCC_DYNAMIC_NO_PIC = NO;
				GCC_OPTIMIZATION_LEVEL = 0;
				GCC_PREPROCESSOR_DEFINITIONS = (
					"DEBUG=1",
					"$(inherited)",
				);
				GCC_SYMBOLS_PRIVATE_EXTERN = NO;
				GCC_VERSION = com.apple.compilers.llvm.clang.1_0;
				GCC_WARN_ABOUT_RETURN_TYPE = YES;
				GCC_WARN_UNINITIALIZED_AUTOS = YES;
				GCC_WARN_UNUSED_VARIABLE = YES;
				IPHONEOS_DEPLOYMENT_TARGET = 5.1;
				SDKROOT = iphoneos;
			};
			name = Debug;
		};
		9A4BD0AA15E91C74002F85A1 /* Release */ = {
			isa = XCBuildConfiguration;
			buildSettings = {
				ALWAYS_SEARCH_USER_PATHS = NO;
				ARCHS = "$(ARCHS_STANDARD_32_BIT)";
				CLANG_CXX_LANGUAGE_STANDARD = "gnu++0x";
				CLANG_WARN__DUPLICATE_METHOD_MATCH = YES;
				"CODE_SIGN_IDENTITY[sdk=iphoneos*]" = "iPhone Developer";
				COPY_PHASE_STRIP = YES;
				GCC_C_LANGUAGE_STANDARD = gnu99;
				GCC_VERSION = com.apple.compilers.llvm.clang.1_0;
				GCC_WARN_ABOUT_RETURN_TYPE = YES;
				GCC_WARN_UNINITIALIZED_AUTOS = YES;
				GCC_WARN_UNUSED_VARIABLE = YES;
				IPHONEOS_DEPLOYMENT_TARGET = 5.1;
				OTHER_CFLAGS = "-DNS_BLOCK_ASSERTIONS=1";
				SDKROOT = iphoneos;
				VALIDATE_PRODUCT = YES;
			};
			name = Release;
		};
		9A4BD0AC15E91C74002F85A1 /* Debug */ = {
			isa = XCBuildConfiguration;
			buildSettings = {
				GCC_PRECOMPILE_PREFIX_HEADER = YES;
				GCC_PREFIX_HEADER = "Two Thumbs Down/Two Thumbs Down-Prefix.pch";
				INFOPLIST_FILE = "Two Thumbs Down/Two Thumbs Down-Info.plist";
				PRODUCT_NAME = "$(TARGET_NAME)";
				WRAPPER_EXTENSION = app;
			};
			name = Debug;
		};
		9A4BD0AD15E91C74002F85A1 /* Release */ = {
			isa = XCBuildConfiguration;
			buildSettings = {
				GCC_PRECOMPILE_PREFIX_HEADER = YES;
				GCC_PREFIX_HEADER = "Two Thumbs Down/Two Thumbs Down-Prefix.pch";
				INFOPLIST_FILE = "Two Thumbs Down/Two Thumbs Down-Info.plist";
				PRODUCT_NAME = "$(TARGET_NAME)";
				WRAPPER_EXTENSION = app;
			};
			name = Release;
		};
/* End XCBuildConfiguration section */

/* Begin XCConfigurationList section */
		9A4BD08715E91C74002F85A1 /* Build configuration list for PBXProject "Two Thumbs Down" */ = {
			isa = XCConfigurationList;
			buildConfigurations = (
				9A4BD0A915E91C74002F85A1 /* Debug */,
				9A4BD0AA15E91C74002F85A1 /* Release */,
			);
			defaultConfigurationIsVisible = 0;
			defaultConfigurationName = Release;
		};
		9A4BD0AB15E91C74002F85A1 /* Build configuration list for PBXNativeTarget "Two Thumbs Down" */ = {
			isa = XCConfigurationList;
			buildConfigurations = (
				9A4BD0AC15E91C74002F85A1 /* Debug */,
				9A4BD0AD15E91C74002F85A1 /* Release */,
			);
			defaultConfigurationIsVisible = 0;
		};
/* End XCConfigurationList section */
	};
	rootObject = 9A4BD08415E91C74002F85A1 /* Project object */;
}
