// !$*UTF8*$!
{
	archiveVersion = 1;
	classes = {
	};
	objectVersion = 46;
	objects = {

/* Begin PBXBuildFile section */
		9A21292215E99AFA00F15866 /* UIKit.framework in Frameworks */ = {isa = PBXBuildFile; fileRef = 9A21292115E99AFA00F15866 /* UIKit.framework */; };
		9A21292415E99AFA00F15866 /* Foundation.framework in Frameworks */ = {isa = PBXBuildFile; fileRef = 9A21292315E99AFA00F15866 /* Foundation.framework */; };
		9A21292615E99AFA00F15866 /* CoreGraphics.framework in Frameworks */ = {isa = PBXBuildFile; fileRef = 9A21292515E99AFA00F15866 /* CoreGraphics.framework */; };
		9A21292C15E99AFA00F15866 /* InfoPlist.strings in Resources */ = {isa = PBXBuildFile; fileRef = 9A21292A15E99AFA00F15866 /* InfoPlist.strings */; };
		9A21292E15E99AFA00F15866 /* main.m in Sources */ = {isa = PBXBuildFile; fileRef = 9A21292D15E99AFA00F15866 /* main.m */; };
		9A21293215E99AFA00F15866 /* AppDelegate.m in Sources */ = {isa = PBXBuildFile; fileRef = 9A21293115E99AFA00F15866 /* AppDelegate.m */; };
		9A21293515E99AFA00F15866 /* ViewController.m in Sources */ = {isa = PBXBuildFile; fileRef = 9A21293415E99AFA00F15866 /* ViewController.m */; };
		9A21293815E99AFA00F15866 /* ViewController.xib in Resources */ = {isa = PBXBuildFile; fileRef = 9A21293615E99AFA00F15866 /* ViewController.xib */; };
		9A21294115E99D1700F15866 /* ZoidbergView.m in Sources */ = {isa = PBXBuildFile; fileRef = 9A21293F15E99D1700F15866 /* ZoidbergView.m */; };
		9A21294215E99D1700F15866 /* ZoidbergView.xib in Resources */ = {isa = PBXBuildFile; fileRef = 9A21294015E99D1700F15866 /* ZoidbergView.xib */; };
		9A21294415E9A05B00F15866 /* tha-zoid.png in Resources */ = {isa = PBXBuildFile; fileRef = 9A21294315E9A05B00F15866 /* tha-zoid.png */; };
		9A21294915E9A24600F15866 /* Desert You.aiff in Resources */ = {isa = PBXBuildFile; fileRef = 9A21294515E9A24600F15866 /* Desert You.aiff */; };
		9A21294A15E9A24600F15866 /* Never Gonna Let You Down.aiff in Resources */ = {isa = PBXBuildFile; fileRef = 9A21294615E9A24600F15866 /* Never Gonna Let You Down.aiff */; };
		9A21294B15E9A24600F15866 /* Never Gonna Run Around.aiff in Resources */ = {isa = PBXBuildFile; fileRef = 9A21294715E9A24600F15866 /* Never Gonna Run Around.aiff */; };
		9A21294C15E9A24600F15866 /* Rick Astley -  Never Gonna Give You Up.aiff in Resources */ = {isa = PBXBuildFile; fileRef = 9A21294815E9A24600F15866 /* Rick Astley -  Never Gonna Give You Up.aiff */; };
		9A21295115E9A80300F15866 /* buttonmovies.png in Resources */ = {isa = PBXBuildFile; fileRef = 9A21294F15E9A80300F15866 /* buttonmovies.png */; };
		9A21295215E9A80300F15866 /* buttontv.png in Resources */ = {isa = PBXBuildFile; fileRef = 9A21295015E9A80300F15866 /* buttontv.png */; };
		9A21295715E9A81100F15866 /* Give You Up.aiff in Resources */ = {isa = PBXBuildFile; fileRef = 9A21295315E9A81100F15866 /* Give You Up.aiff */; };
		9A21295815E9A81100F15866 /* Let You Down.aiff in Resources */ = {isa = PBXBuildFile; fileRef = 9A21295415E9A81100F15866 /* Let You Down.aiff */; };
		9A21295915E9A81100F15866 /* Never Gonna.aiff in Resources */ = {isa = PBXBuildFile; fileRef = 9A21295515E9A81100F15866 /* Never Gonna.aiff */; };
		9A21295A15E9A81100F15866 /* Run Around and Desert You.aiff in Resources */ = {isa = PBXBuildFile; fileRef = 9A21295615E9A81100F15866 /* Run Around and Desert You.aiff */; };
		9A21295D15E9A93C00F15866 /* AudioToolbox.framework in Frameworks */ = {isa = PBXBuildFile; fileRef = 9A21295C15E9A93C00F15866 /* AudioToolbox.framework */; };
/* End PBXBuildFile section */

/* Begin PBXFileReference section */
		9A21291D15E99AFA00F15866 /* WhyNotZoidberg.app */ = {isa = PBXFileReference; explicitFileType = wrapper.application; includeInIndex = 0; path = WhyNotZoidberg.app; sourceTree = BUILT_PRODUCTS_DIR; };
		9A21292115E99AFA00F15866 /* UIKit.framework */ = {isa = PBXFileReference; lastKnownFileType = wrapper.framework; name = UIKit.framework; path = System/Library/Frameworks/UIKit.framework; sourceTree = SDKROOT; };
		9A21292315E99AFA00F15866 /* Foundation.framework */ = {isa = PBXFileReference; lastKnownFileType = wrapper.framework; name = Foundation.framework; path = System/Library/Frameworks/Foundation.framework; sourceTree = SDKROOT; };
		9A21292515E99AFA00F15866 /* CoreGraphics.framework */ = {isa = PBXFileReference; lastKnownFileType = wrapper.framework; name = CoreGraphics.framework; path = System/Library/Frameworks/CoreGraphics.framework; sourceTree = SDKROOT; };
		9A21292915E99AFA00F15866 /* WhyNotZoidberg-Info.plist */ = {isa = PBXFileReference; lastKnownFileType = text.plist.xml; path = "WhyNotZoidberg-Info.plist"; sourceTree = "<group>"; };
		9A21292B15E99AFA00F15866 /* en */ = {isa = PBXFileReference; lastKnownFileType = text.plist.strings; name = en; path = en.lproj/InfoPlist.strings; sourceTree = "<group>"; };
		9A21292D15E99AFA00F15866 /* main.m */ = {isa = PBXFileReference; lastKnownFileType = sourcecode.c.objc; path = main.m; sourceTree = "<group>"; };
		9A21292F15E99AFA00F15866 /* WhyNotZoidberg-Prefix.pch */ = {isa = PBXFileReference; lastKnownFileType = sourcecode.c.h; path = "WhyNotZoidberg-Prefix.pch"; sourceTree = "<group>"; };
		9A21293015E99AFA00F15866 /* AppDelegate.h */ = {isa = PBXFileReference; lastKnownFileType = sourcecode.c.h; path = AppDelegate.h; sourceTree = "<group>"; };
		9A21293115E99AFA00F15866 /* AppDelegate.m */ = {isa = PBXFileReference; lastKnownFileType = sourcecode.c.objc; path = AppDelegate.m; sourceTree = "<group>"; };
		9A21293315E99AFA00F15866 /* ViewController.h */ = {isa = PBXFileReference; lastKnownFileType = sourcecode.c.h; path = ViewController.h; sourceTree = "<group>"; };
		9A21293415E99AFA00F15866 /* ViewController.m */ = {isa = PBXFileReference; lastKnownFileType = sourcecode.c.objc; path = ViewController.m; sourceTree = "<group>"; };
		9A21293715E99AFA00F15866 /* en */ = {isa = PBXFileReference; lastKnownFileType = file.xib; name = en; path = en.lproj/ViewController.xib; sourceTree = "<group>"; };
		9A21293E15E99D1700F15866 /* ZoidbergView.h */ = {isa = PBXFileReference; fileEncoding = 4; lastKnownFileType = sourcecode.c.h; path = ZoidbergView.h; sourceTree = "<group>"; };
		9A21293F15E99D1700F15866 /* ZoidbergView.m */ = {isa = PBXFileReference; fileEncoding = 4; lastKnownFileType = sourcecode.c.objc; path = ZoidbergView.m; sourceTree = "<group>"; };
		9A21294015E99D1700F15866 /* ZoidbergView.xib */ = {isa = PBXFileReference; fileEncoding = 4; lastKnownFileType = file.xib; path = ZoidbergView.xib; sourceTree = "<group>"; };
		9A21294315E9A05B00F15866 /* tha-zoid.png */ = {isa = PBXFileReference; explicitFileType = image.png; path = "tha-zoid.png"; sourceTree = "<group>"; };
		9A21294515E9A24600F15866 /* Desert You.aiff */ = {isa = PBXFileReference; lastKnownFileType = audio.aiff; path = "Desert You.aiff"; sourceTree = "<group>"; };
		9A21294615E9A24600F15866 /* Never Gonna Let You Down.aiff */ = {isa = PBXFileReference; lastKnownFileType = audio.aiff; path = "Never Gonna Let You Down.aiff"; sourceTree = "<group>"; };
		9A21294715E9A24600F15866 /* Never Gonna Run Around.aiff */ = {isa = PBXFileReference; lastKnownFileType = audio.aiff; path = "Never Gonna Run Around.aiff"; sourceTree = "<group>"; };
		9A21294815E9A24600F15866 /* Rick Astley -  Never Gonna Give You Up.aiff */ = {isa = PBXFileReference; lastKnownFileType = audio.aiff; path = "Rick Astley -  Never Gonna Give You Up.aiff"; sourceTree = "<group>"; };
		9A21294F15E9A80300F15866 /* buttonmovies.png */ = {isa = PBXFileReference; lastKnownFileType = image.png; path = buttonmovies.png; sourceTree = "<group>"; };
		9A21295015E9A80300F15866 /* buttontv.png */ = {isa = PBXFileReference; lastKnownFileType = image.png; path = buttontv.png; sourceTree = "<group>"; };
		9A21295315E9A81100F15866 /* Give You Up.aiff */ = {isa = PBXFileReference; lastKnownFileType = audio.aiff; path = "Give You Up.aiff"; sourceTree = "<group>"; };
		9A21295415E9A81100F15866 /* Let You Down.aiff */ = {isa = PBXFileReference; lastKnownFileType = audio.aiff; path = "Let You Down.aiff"; sourceTree = "<group>"; };
		9A21295515E9A81100F15866 /* Never Gonna.aiff */ = {isa = PBXFileReference; lastKnownFileType = audio.aiff; path = "Never Gonna.aiff"; sourceTree = "<group>"; };
		9A21295615E9A81100F15866 /* Run Around and Desert You.aiff */ = {isa = PBXFileReference; lastKnownFileType = audio.aiff; path = "Run Around and Desert You.aiff"; sourceTree = "<group>"; };
		9A21295C15E9A93C00F15866 /* AudioToolbox.framework */ = {isa = PBXFileReference; lastKnownFileType = wrapper.framework; name = AudioToolbox.framework; path = System/Library/Frameworks/AudioToolbox.framework; sourceTree = SDKROOT; };
/* End PBXFileReference section */

/* Begin PBXFrameworksBuildPhase section */
		9A21291A15E99AFA00F15866 /* Frameworks */ = {
			isa = PBXFrameworksBuildPhase;
			buildActionMask = 2147483647;
			files = (
				9A21295D15E9A93C00F15866 /* AudioToolbox.framework in Frameworks */,
				9A21292215E99AFA00F15866 /* UIKit.framework in Frameworks */,
				9A21292415E99AFA00F15866 /* Foundation.framework in Frameworks */,
				9A21292615E99AFA00F15866 /* CoreGraphics.framework in Frameworks */,
			);
			runOnlyForDeploymentPostprocessing = 0;
		};
/* End PBXFrameworksBuildPhase section */

/* Begin PBXGroup section */
		9A21291215E99AFA00F15866 = {
			isa = PBXGroup;
			children = (
				9A21295C15E9A93C00F15866 /* AudioToolbox.framework */,
				9A21295315E9A81100F15866 /* Give You Up.aiff */,
				9A21295415E9A81100F15866 /* Let You Down.aiff */,
				9A21295515E9A81100F15866 /* Never Gonna.aiff */,
				9A21295615E9A81100F15866 /* Run Around and Desert You.aiff */,
				9A21294515E9A24600F15866 /* Desert You.aiff */,
				9A21294615E9A24600F15866 /* Never Gonna Let You Down.aiff */,
				9A21294715E9A24600F15866 /* Never Gonna Run Around.aiff */,
				9A21294815E9A24600F15866 /* Rick Astley -  Never Gonna Give You Up.aiff */,
				9A21294F15E9A80300F15866 /* buttonmovies.png */,
				9A21295015E9A80300F15866 /* buttontv.png */,
				9A21294315E9A05B00F15866 /* tha-zoid.png */,
				9A21293E15E99D1700F15866 /* ZoidbergView.h */,
				9A21293F15E99D1700F15866 /* ZoidbergView.m */,
				9A21294015E99D1700F15866 /* ZoidbergView.xib */,
				9A21292715E99AFA00F15866 /* WhyNotZoidberg */,
				9A21292015E99AFA00F15866 /* Frameworks */,
				9A21291E15E99AFA00F15866 /* Products */,
			);
			sourceTree = "<group>";
		};
		9A21291E15E99AFA00F15866 /* Products */ = {
			isa = PBXGroup;
			children = (
				9A21291D15E99AFA00F15866 /* WhyNotZoidberg.app */,
			);
			name = Products;
			sourceTree = "<group>";
		};
		9A21292015E99AFA00F15866 /* Frameworks */ = {
			isa = PBXGroup;
			children = (
				9A21292115E99AFA00F15866 /* UIKit.framework */,
				9A21292315E99AFA00F15866 /* Foundation.framework */,
				9A21292515E99AFA00F15866 /* CoreGraphics.framework */,
			);
			name = Frameworks;
			sourceTree = "<group>";
		};
		9A21292715E99AFA00F15866 /* WhyNotZoidberg */ = {
			isa = PBXGroup;
			children = (
				9A21293015E99AFA00F15866 /* AppDelegate.h */,
				9A21293115E99AFA00F15866 /* AppDelegate.m */,
				9A21293315E99AFA00F15866 /* ViewController.h */,
				9A21293415E99AFA00F15866 /* ViewController.m */,
				9A21293615E99AFA00F15866 /* ViewController.xib */,
				9A21292815E99AFA00F15866 /* Supporting Files */,
			);
			path = WhyNotZoidberg;
			sourceTree = "<group>";
		};
		9A21292815E99AFA00F15866 /* Supporting Files */ = {
			isa = PBXGroup;
			children = (
				9A21292915E99AFA00F15866 /* WhyNotZoidberg-Info.plist */,
				9A21292A15E99AFA00F15866 /* InfoPlist.strings */,
				9A21292D15E99AFA00F15866 /* main.m */,
				9A21292F15E99AFA00F15866 /* WhyNotZoidberg-Prefix.pch */,
			);
			name = "Supporting Files";
			sourceTree = "<group>";
		};
/* End PBXGroup section */

/* Begin PBXNativeTarget section */
		9A21291C15E99AFA00F15866 /* TwoThumsDown */ = {
			isa = PBXNativeTarget;
			buildConfigurationList = 9A21293B15E99AFA00F15866 /* Build configuration list for PBXNativeTarget "TwoThumsDown" */;
			buildPhases = (
				9A21291915E99AFA00F15866 /* Sources */,
				9A21291A15E99AFA00F15866 /* Frameworks */,
				9A21291B15E99AFA00F15866 /* Resources */,
			);
			buildRules = (
			);
			dependencies = (
			);
			name = TwoThumsDown;
			productName = WhyNotZoidberg;
			productReference = 9A21291D15E99AFA00F15866 /* WhyNotZoidberg.app */;
			productType = "com.apple.product-type.application";
		};
/* End PBXNativeTarget section */

/* Begin PBXProject section */
		9A21291415E99AFA00F15866 /* Project object */ = {
			isa = PBXProject;
			attributes = {
				LastUpgradeCheck = 0440;
				ORGANIZATIONNAME = "It's Okay In A Threeway";
			};
			buildConfigurationList = 9A21291715E99AFA00F15866 /* Build configuration list for PBXProject "WhyNotZoidberg" */;
			compatibilityVersion = "Xcode 3.2";
			developmentRegion = English;
			hasScannedForEncodings = 0;
			knownRegions = (
				en,
			);
			mainGroup = 9A21291215E99AFA00F15866;
			productRefGroup = 9A21291E15E99AFA00F15866 /* Products */;
			projectDirPath = "";
			projectRoot = "";
			targets = (
				9A21291C15E99AFA00F15866 /* TwoThumsDown */,
			);
		};
/* End PBXProject section */

/* Begin PBXResourcesBuildPhase section */
		9A21291B15E99AFA00F15866 /* Resources */ = {
			isa = PBXResourcesBuildPhase;
			buildActionMask = 2147483647;
			files = (
				9A21292C15E99AFA00F15866 /* InfoPlist.strings in Resources */,
				9A21293815E99AFA00F15866 /* ViewController.xib in Resources */,
				9A21294215E99D1700F15866 /* ZoidbergView.xib in Resources */,
				9A21294415E9A05B00F15866 /* tha-zoid.png in Resources */,
				9A21294915E9A24600F15866 /* Desert You.aiff in Resources */,
				9A21294A15E9A24600F15866 /* Never Gonna Let You Down.aiff in Resources */,
				9A21294B15E9A24600F15866 /* Never Gonna Run Around.aiff in Resources */,
				9A21294C15E9A24600F15866 /* Rick Astley -  Never Gonna Give You Up.aiff in Resources */,
				9A21295115E9A80300F15866 /* buttonmovies.png in Resources */,
				9A21295215E9A80300F15866 /* buttontv.png in Resources */,
				9A21295715E9A81100F15866 /* Give You Up.aiff in Resources */,
				9A21295815E9A81100F15866 /* Let You Down.aiff in Resources */,
				9A21295915E9A81100F15866 /* Never Gonna.aiff in Resources */,
				9A21295A15E9A81100F15866 /* Run Around and Desert You.aiff in Resources */,
			);
			runOnlyForDeploymentPostprocessing = 0;
		};
/* End PBXResourcesBuildPhase section */

/* Begin PBXSourcesBuildPhase section */
		9A21291915E99AFA00F15866 /* Sources */ = {
			isa = PBXSourcesBuildPhase;
			buildActionMask = 2147483647;
			files = (
				9A21292E15E99AFA00F15866 /* main.m in Sources */,
				9A21293215E99AFA00F15866 /* AppDelegate.m in Sources */,
				9A21293515E99AFA00F15866 /* ViewController.m in Sources */,
				9A21294115E99D1700F15866 /* ZoidbergView.m in Sources */,
			);
			runOnlyForDeploymentPostprocessing = 0;
		};
/* End PBXSourcesBuildPhase section */

/* Begin PBXVariantGroup section */
		9A21292A15E99AFA00F15866 /* InfoPlist.strings */ = {
			isa = PBXVariantGroup;
			children = (
				9A21292B15E99AFA00F15866 /* en */,
			);
			name = InfoPlist.strings;
			sourceTree = "<group>";
		};
		9A21293615E99AFA00F15866 /* ViewController.xib */ = {
			isa = PBXVariantGroup;
			children = (
				9A21293715E99AFA00F15866 /* en */,
			);
			name = ViewController.xib;
			sourceTree = "<group>";
		};
/* End PBXVariantGroup section */

/* Begin XCBuildConfiguration section */
		9A21293915E99AFA00F15866 /* Debug */ = {
			isa = XCBuildConfiguration;
			buildSettings = {
				ALWAYS_SEARCH_USER_PATHS = NO;
				ARCHS = "$(ARCHS_STANDARD_32_BIT)";
				CLANG_CXX_LANGUAGE_STANDARD = "gnu++0x";
				CLANG_WARN__DUPLICATE_METHOD_MATCH = YES;
				"CODE_SIGN_IDENTITY[sdk=iphoneos*]" = "iPhone Developer";
				COPY_PHASE_STRIP = NO;
				GCC_C_LANGUAGE_STANDARD = gnu99;
				GCC_DYNAMIC_NO_PIC = NO;
				GCC_OPTIMIZATION_LEVEL = 0;
				GCC_PREPROCESSOR_DEFINITIONS = (
					"DEBUG=1",
					"$(inherited)",
				);
				GCC_SYMBOLS_PRIVATE_EXTERN = NO;
				GCC_VERSION = com.apple.compilers.llvm.clang.1_0;
				GCC_WARN_ABOUT_RETURN_TYPE = YES;
				GCC_WARN_UNINITIALIZED_AUTOS = YES;
				GCC_WARN_UNUSED_VARIABLE = YES;
				IPHONEOS_DEPLOYMENT_TARGET = 5.1;
				SDKROOT = iphoneos;
			};
			name = Debug;
		};
		9A21293A15E99AFA00F15866 /* Release */ = {
			isa = XCBuildConfiguration;
			buildSettings = {
				ALWAYS_SEARCH_USER_PATHS = NO;
				ARCHS = "$(ARCHS_STANDARD_32_BIT)";
				CLANG_CXX_LANGUAGE_STANDARD = "gnu++0x";
				CLANG_WARN__DUPLICATE_METHOD_MATCH = YES;
				"CODE_SIGN_IDENTITY[sdk=iphoneos*]" = "iPhone Developer";
				COPY_PHASE_STRIP = YES;
				GCC_C_LANGUAGE_STANDARD = gnu99;
				GCC_VERSION = com.apple.compilers.llvm.clang.1_0;
				GCC_WARN_ABOUT_RETURN_TYPE = YES;
				GCC_WARN_UNINITIALIZED_AUTOS = YES;
				GCC_WARN_UNUSED_VARIABLE = YES;
				IPHONEOS_DEPLOYMENT_TARGET = 5.1;
				OTHER_CFLAGS = "-DNS_BLOCK_ASSERTIONS=1";
				SDKROOT = iphoneos;
				VALIDATE_PRODUCT = YES;
			};
			name = Release;
		};
		9A21293C15E99AFA00F15866 /* Debug */ = {
			isa = XCBuildConfiguration;
			buildSettings = {
				GCC_PRECOMPILE_PREFIX_HEADER = YES;
				GCC_PREFIX_HEADER = "WhyNotZoidberg/WhyNotZoidberg-Prefix.pch";
				INFOPLIST_FILE = "WhyNotZoidberg/WhyNotZoidberg-Info.plist";
				PRODUCT_NAME = "$(TARGET_NAME)";
				WRAPPER_EXTENSION = app;
			};
			name = Debug;
		};
		9A21293D15E99AFA00F15866 /* Release */ = {
			isa = XCBuildConfiguration;
			buildSettings = {
				GCC_PRECOMPILE_PREFIX_HEADER = YES;
				GCC_PREFIX_HEADER = "WhyNotZoidberg/WhyNotZoidberg-Prefix.pch";
				INFOPLIST_FILE = "WhyNotZoidberg/WhyNotZoidberg-Info.plist";
				PRODUCT_NAME = "$(TARGET_NAME)";
				WRAPPER_EXTENSION = app;
			};
			name = Release;
		};
/* End XCBuildConfiguration section */

/* Begin XCConfigurationList section */
		9A21291715E99AFA00F15866 /* Build configuration list for PBXProject "WhyNotZoidberg" */ = {
			isa = XCConfigurationList;
			buildConfigurations = (
				9A21293915E99AFA00F15866 /* Debug */,
				9A21293A15E99AFA00F15866 /* Release */,
			);
			defaultConfigurationIsVisible = 0;
			defaultConfigurationName = Release;
		};
		9A21293B15E99AFA00F15866 /* Build configuration list for PBXNativeTarget "TwoThumsDown" */ = {
			isa = XCConfigurationList;
			buildConfigurations = (
				9A21293C15E99AFA00F15866 /* Debug */,
				9A21293D15E99AFA00F15866 /* Release */,
			);
			defaultConfigurationIsVisible = 0;
		};
/* End XCConfigurationList section */
	};
	rootObject = 9A21291415E99AFA00F15866 /* Project object */;
}
